
Microsoft Visual Studio Solution File, Format Version 12.00
# Visual Studio 2012
Project("{FAE04EC0-301F-11D3-BF4B-00C04F79EFBC}") = "AquaPic", "AquaPic\AquaPic.csproj", "{5272A01C-4356-4F37-AF92-B53974F21B34}"
EndProject
Project("{9344BDBB-3E7F-41FC-A0DD-8665D75EE146}") = "Utilities", "Utilities\Utilities.csproj", "{D16D7BCC-1475-4F6F-995F-815518E10A49}"
EndProject
Project("{FAE04EC0-301F-11D3-BF4B-00C04F79EFBC}") = "TouchWidget", "TouchWidget\TouchWidget.csproj", "{9F122E71-B510-4481-BC19-550C14250481}"
EndProject
Project("{FAE04EC0-301F-11D3-BF4B-00C04F79EFBC}") = "DataLogging", "DataLogging\DataLogging.csproj", "{2AEEC09C-AAC3-4085-B6B6-CE2A49D68665}"
EndProject
Project("{FAE04EC0-301F-11D3-BF4B-00C04F79EFBC}") = "UserInterface", "UserInterface\UserInterface.csproj", "{8B3F07BA-572F-4E93-8971-ED2917A6C145}"
EndProject
Project("{FAE04EC0-301F-11D3-BF4B-00C04F79EFBC}") = "Main", "Main\Main.csproj", "{46BD2A7C-CD50-4022-AEE0-34A7AF686EAE}"
EndProject
Global
	GlobalSection(SolutionConfigurationPlatforms) = preSolution
		Debug|x86 = Debug|x86
		Release|x86 = Release|x86
		Debug-Empty|Any CPU = Debug-Empty|Any CPU
		Debug-Empty-Settings|x86 = Debug-Empty-Settings|x86
		Debug-Full-Settings|x86 = Debug-Full-Settings|x86
	EndGlobalSection
	GlobalSection(ProjectConfigurationPlatforms) = postSolution
		{2AEEC09C-AAC3-4085-B6B6-CE2A49D68665}.Debug|x86.ActiveCfg = Debug|Any CPU
		{2AEEC09C-AAC3-4085-B6B6-CE2A49D68665}.Debug|x86.Build.0 = Debug|Any CPU
		{2AEEC09C-AAC3-4085-B6B6-CE2A49D68665}.Release|x86.ActiveCfg = Release|Any CPU
		{2AEEC09C-AAC3-4085-B6B6-CE2A49D68665}.Release|x86.Build.0 = Release|Any CPU
		{46BD2A7C-CD50-4022-AEE0-34A7AF686EAE}.Debug|x86.ActiveCfg = Debug|x86
		{46BD2A7C-CD50-4022-AEE0-34A7AF686EAE}.Debug|x86.Build.0 = Debug|x86
		{46BD2A7C-CD50-4022-AEE0-34A7AF686EAE}.Release|x86.ActiveCfg = Release|x86
		{46BD2A7C-CD50-4022-AEE0-34A7AF686EAE}.Release|x86.Build.0 = Release|x86
		{5272A01C-4356-4F37-AF92-B53974F21B34}.Debug|x86.ActiveCfg = Debug|x86
		{5272A01C-4356-4F37-AF92-B53974F21B34}.Debug|x86.Build.0 = Debug|x86
		{5272A01C-4356-4F37-AF92-B53974F21B34}.Release|x86.ActiveCfg = Release|x86
		{5272A01C-4356-4F37-AF92-B53974F21B34}.Release|x86.Build.0 = Release|x86
		{8B3F07BA-572F-4E93-8971-ED2917A6C145}.Debug|x86.ActiveCfg = Debug|x86
		{8B3F07BA-572F-4E93-8971-ED2917A6C145}.Debug|x86.Build.0 = Debug|x86
		{8B3F07BA-572F-4E93-8971-ED2917A6C145}.Release|x86.ActiveCfg = Release|x86
		{8B3F07BA-572F-4E93-8971-ED2917A6C145}.Release|x86.Build.0 = Release|x86
		{9F122E71-B510-4481-BC19-550C14250481}.Debug|x86.ActiveCfg = Debug|Any CPU
		{9F122E71-B510-4481-BC19-550C14250481}.Debug|x86.Build.0 = Debug|Any CPU
		{9F122E71-B510-4481-BC19-550C14250481}.Release|x86.ActiveCfg = Release|Any CPU
		{9F122E71-B510-4481-BC19-550C14250481}.Release|x86.Build.0 = Release|Any CPU
		{D16D7BCC-1475-4F6F-995F-815518E10A49}.Debug|x86.ActiveCfg = Debug|Any CPU
		{D16D7BCC-1475-4F6F-995F-815518E10A49}.Debug|x86.Build.0 = Debug|Any CPU
		{D16D7BCC-1475-4F6F-995F-815518E10A49}.Release|x86.ActiveCfg = Release|Any CPU
		{D16D7BCC-1475-4F6F-995F-815518E10A49}.Release|x86.Build.0 = Release|Any CPU
	EndGlobalSection
	GlobalSection(MonoDevelopProperties) = preSolution
		Policies = $0
		$0.DotNetNamingPolicy = $1
		$1.DirectoryNamespaceAssociation = None
		$1.ResourceNamePolicy = FileFormatDefault
		$0.TextStylePolicy = $2
		$2.FileWidth = 120
		$2.NoTabsAfterNonTabs = True
		$2.inheritsSet = VisualStudio
		$2.inheritsScope = text/plain
		$2.scope = text/plain
		$0.CSharpFormattingPolicy = $3
		$3.BeforeIndexerDeclarationBracket = False
		$3.AfterDelegateDeclarationParameterComma = True
		$3.SpacesBeforeBrackets = False
		$3.inheritsSet = Mono
		$3.inheritsScope = text/x-csharp
		$3.scope = text/x-csharp
		$0.TextStylePolicy = $4
		$4.FileWidth = 120
		$4.NoTabsAfterNonTabs = True
		$4.inheritsSet = VisualStudio
		$4.inheritsScope = text/plain
		$4.scope = text/x-csharp
		$0.StandardHeader = $5
		$5.Text = @#region License\n\n/*\n    AquaPic Main Control - Handles all functionality for the AquaPic aquarium controller.\n\n    Copyright (c) ${Year} Goodtime Development\n\n    This program is free software: you can redistribute it and/or modify\n    it under the terms of the GNU General Public License as published by\n    the Free Software Foundation, either version 3 of the License, or\n    (at your option) any later version.\n\n    This program is distributed in the hope that it will be useful,\n    but WITHOUT ANY WARRANTY; without even the implied warranty of\n    MERCHANTABILITY or FITNESS FOR A PARTICULAR PURPOSE.  See the\n    GNU General Public License for more details.\n\n    You should have received a copy of the GNU General Public License\n    along with this program.  If not, see http://www.gnu.org/licenses/\n*/\n\n#endregion // License
		$5.IncludeInNewFiles = True
		$0.NameConventionPolicy = $6
		$6.Rules = $7
		$7.NamingRule = $8
		$8.Name = Type Parameters
		$8.RequiredPrefixes = $9
		$9.String = T
		$8.RequiredSuffixes = $10
		$10.String = Exception
		$8.AffectedEntity = TypeParameter
		$8.VisibilityMask = VisibilityMask
		$8.NamingStyle = PascalCase
		$8.IncludeInstanceMembers = True
		$8.IncludeStaticEntities = True
		$7.NamingRule = $11
		$11.Name = Types
		$11.AffectedEntity = Class, Struct, Enum, Delegate
		$11.VisibilityMask = Public
		$11.NamingStyle = PascalCase
		$11.IncludeInstanceMembers = True
		$11.IncludeStaticEntities = True
		$7.NamingRule = $12
		$12.Name = Interfaces
		$12.RequiredPrefixes = $13
		$13.String = I
		$12.AffectedEntity = Interface
		$12.VisibilityMask = Public
		$12.NamingStyle = PascalCase
		$12.IncludeInstanceMembers = True
		$12.IncludeStaticEntities = True
		$7.NamingRule = $14
		$14.Name = Attributes
		$14.RequiredSuffixes = $15
		$15.String = Attribute
		$14.AffectedEntity = CustomAttributes
		$14.VisibilityMask = Public
		$14.NamingStyle = PascalCase
		$14.IncludeInstanceMembers = True
		$14.IncludeStaticEntities = True
		$7.NamingRule = $16
		$16.Name = Event Arguments
		$16.RequiredSuffixes = $17
		$17.String = EventArgs
		$16.AffectedEntity = CustomEventArgs
		$16.VisibilityMask = Public
		$16.NamingStyle = PascalCase
		$16.IncludeInstanceMembers = True
		$16.IncludeStaticEntities = True
		$7.NamingRule = $18
		$18.Name = Exceptions
		$18.RequiredSuffixes = $19
		$19.String = Exception
		$18.AffectedEntity = CustomExceptions
		$18.VisibilityMask = VisibilityMask
		$18.NamingStyle = PascalCase
		$18.IncludeInstanceMembers = True
		$18.IncludeStaticEntities = True
		$7.NamingRule = $20
		$20.Name = Methods
		$20.AffectedEntity = Methods
		$20.VisibilityMask = Protected, Public
		$20.NamingStyle = PascalCase
		$20.IncludeInstanceMembers = True
		$20.IncludeStaticEntities = True
		$7.NamingRule = $21
		$21.Name = Static Readonly Fields
		$21.AffectedEntity = ReadonlyField
		$21.VisibilityMask = Protected, Public
		$21.NamingStyle = PascalCase
		$21.IncludeInstanceMembers = False
		$21.IncludeStaticEntities = True
		$7.NamingRule = $22
		$22.Name = Fields
		$22.AffectedEntity = Field
		$22.VisibilityMask = Protected, Public
		$22.NamingStyle = PascalCase
		$22.IncludeInstanceMembers = True
		$22.IncludeStaticEntities = True
		$7.NamingRule = $23
		$23.Name = ReadOnly Fields
		$23.AffectedEntity = ReadonlyField
		$23.VisibilityMask = Protected, Public
		$23.NamingStyle = PascalCase
		$23.IncludeInstanceMembers = True
		$23.IncludeStaticEntities = False
		$7.NamingRule = $24
		$24.Name = Constant Fields
		$24.AffectedEntity = ConstantField
		$24.VisibilityMask = Protected, Public
		$24.NamingStyle = PascalCase
		$24.IncludeInstanceMembers = True
		$24.IncludeStaticEntities = True
		$7.NamingRule = $25
		$25.Name = Properties
		$25.AffectedEntity = Property
		$25.VisibilityMask = Protected, Public
		$25.NamingStyle = PascalCase
		$25.IncludeInstanceMembers = True
		$25.IncludeStaticEntities = True
		$7.NamingRule = $26
		$26.Name = Events
		$26.AffectedEntity = Event
		$26.VisibilityMask = Protected, Public
		$26.NamingStyle = PascalCase
		$26.IncludeInstanceMembers = True
		$26.IncludeStaticEntities = True
		$7.NamingRule = $27
		$27.Name = Enum Members
		$27.AffectedEntity = EnumMember
		$27.VisibilityMask = VisibilityMask
		$27.NamingStyle = PascalCase
		$27.IncludeInstanceMembers = True
		$27.IncludeStaticEntities = True
		$7.NamingRule = $28
		$28.Name = Parameters
		$28.AffectedEntity = Parameter
		$28.VisibilityMask = VisibilityMask
		$28.NamingStyle = CamelCase
		$28.IncludeInstanceMembers = True
		$28.IncludeStaticEntities = True
		$7.NamingRule = $29
		$29.Name = Type Parameters
		$29.RequiredPrefixes = $30
		$30.String = T
		$29.AffectedEntity = TypeParameter
		$29.VisibilityMask = VisibilityMask
		$29.NamingStyle = PascalCase
		$29.IncludeInstanceMembers = True
		$29.IncludeStaticEntities = True
		$0.VersionControlPolicy = $31
		$31.inheritsSet = Mono
		$0.TextStylePolicy = $32
		$32.inheritsSet = VisualStudio
		$32.inheritsScope = text/plain
		$32.scope = application/config+xml
		$0.XmlFormattingPolicy = $33
		$33.inheritsSet = Mono
		$33.inheritsScope = application/xml
		$33.scope = application/config+xml
		$0.TextStylePolicy = $34
		$34.inheritsSet = VisualStudio
		$34.inheritsScope = text/plain
		$34.scope = application/xml
		$0.XmlFormattingPolicy = $35
		$35.inheritsSet = Mono
		$35.inheritsScope = application/xml
		$35.scope = application/xml
		version = 0.1.0
	EndGlobalSection
EndGlobal
